<Solution>
  <Folder Name="/src/">
    <Project Path="src/CallScribe/CallScribe.csproj" />
  </Folder>
  <Folder Name="/tests/">
    <Project Path="tests/CallScribe.Tests/CallScribe.Tests.csproj" />
  </Folder>
  <Folder Name="/tools/">
    <Project Path="tools/EchoHarness/EchoHarness.csproj" />
  </Folder>
</Solution>
